// !$*UTF8*$!
{
	archiveVersion = 1;
	classes = {
	};
	objectVersion = 77;
	objects = {

/* Begin PBXBuildFile section */
        F00DCAFE0000000000000101 /* Sparkle in Frameworks */ = {isa = PBXBuildFile; productRef = F00DCAFE0000000000000102 /* Sparkle */; };
/* End PBXBuildFile section */

/* Begin PBXContainerItemProxy section */
		ACAF0000000000000000002A /* PBXContainerItemProxy */ = {
			isa = PBXContainerItemProxy;
			containerPortal = ACAF00000000000000000001 /* Project object */;
			proxyType = 1;
			remoteGlobalIDString = ACAF00000000000000000010;
			remoteInfo = "herdr-harness-mac";
		};
		ACAF0000000000000000003A /* PBXContainerItemProxy */ = {
			isa = PBXContainerItemProxy;
			containerPortal = ACAF00000000000000000001 /* Project object */;
			proxyType = 1;
			remoteGlobalIDString = ACAF00000000000000000010;
			remoteInfo = "herdr-harness-mac";
		};
/* End PBXContainerItemProxy section */

/* Begin PBXFileReference section */
		ACAF00000000000000000011 /* herdr-harness-mac.app */ = {isa = PBXFileReference; explicitFileType = wrapper.application; includeInIndex = 0; path = "herdr-harness-mac.app"; sourceTree = BUILT_PRODUCTS_DIR; };
		ACAF00000000000000000021 /* herdr-harness-macTests.xctest */ = {isa = PBXFileReference; explicitFileType = wrapper.cfbundle; includeInIndex = 0; path = "herdr-harness-macTests.xctest"; sourceTree = BUILT_PRODUCTS_DIR; };
		ACAF00000000000000000031 /* herdr-harness-macUITests.xctest */ = {isa = PBXFileReference; explicitFileType = wrapper.cfbundle; includeInIndex = 0; path = "herdr-harness-macUITests.xctest"; sourceTree = BUILT_PRODUCTS_DIR; };
		F00DCAFE0000000000000001 /* Defaults.xcconfig */ = {isa = PBXFileReference; lastKnownFileType = text.xcconfig; path = Defaults.xcconfig; sourceTree = SOURCE_ROOT; };
/* End PBXFileReference section */

/* Begin PBXFileSystemSynchronizedRootGroup section */
		ACAF00000000000000000015 /* herdr-harness-mac */ = {
			isa = PBXFileSystemSynchronizedRootGroup;
			path = "herdr-harness-mac";
			sourceTree = "<group>";
		};
		ACAF00000000000000000025 /* herdr-harness-macTests */ = {
			isa = PBXFileSystemSynchronizedRootGroup;
			path = "herdr-harness-macTests";
			sourceTree = "<group>";
		};
		ACAF00000000000000000035 /* herdr-harness-macUITests */ = {
			isa = PBXFileSystemSynchronizedRootGroup;
			path = "herdr-harness-macUITests";
			sourceTree = "<group>";
		};
/* End PBXFileSystemSynchronizedRootGroup section */

/* Begin PBXFrameworksBuildPhase section */
		ACAF00000000000000000013 /* Frameworks */ = {
			isa = PBXFrameworksBuildPhase;
			buildActionMask = 2147483647;
			files = (
                F00DCAFE0000000000000101 /* Sparkle in Frameworks */,
			);
			runOnlyForDeploymentPostprocessing = 0;
		};
		ACAF00000000000000000023 /* Frameworks */ = {
			isa = PBXFrameworksBuildPhase;
			buildActionMask = 2147483647;
			files = (
			);
			runOnlyForDeploymentPostprocessing = 0;
		};
		ACAF00000000000000000033 /* Frameworks */ = {
			isa = PBXFrameworksBuildPhase;
			buildActionMask = 2147483647;
			files = (
			);
			runOnlyForDeploymentPostprocessing = 0;
		};
/* End PBXFrameworksBuildPhase section */

/* Begin PBXGroup section */
		ACAF00000000000000000002 = {
			isa = PBXGroup;
			children = (
				ACAF00000000000000000015 /* herdr-harness-mac */,
				ACAF00000000000000000025 /* herdr-harness-macTests */,
				ACAF00000000000000000035 /* herdr-harness-macUITests */,
				ACAF00000000000000000003 /* Products */,
			);
			sourceTree = "<group>";
		};
		ACAF00000000000000000003 /* Products */ = {
			isa = PBXGroup;
			children = (
				ACAF00000000000000000011 /* herdr-harness-mac.app */,
				ACAF00000000000000000021 /* herdr-harness-macTests.xctest */,
				ACAF00000000000000000031 /* herdr-harness-macUITests.xctest */,
			);
			name = Products;
			sourceTree = "<group>";
		};
/* End PBXGroup section */

/* Begin PBXNativeTarget section */
		ACAF00000000000000000010 /* herdr-harness-mac */ = {
			isa = PBXNativeTarget;
			buildConfigurationList = ACAF00000000000000000016 /* Build configuration list for PBXNativeTarget "herdr-harness-mac" */;
			buildPhases = (
				ACAF00000000000000000012 /* Sources */,
				ACAF00000000000000000013 /* Frameworks */,
				ACAF00000000000000000014 /* Resources */,
			);
			buildRules = (
			);
			dependencies = (
			);
			fileSystemSynchronizedGroups = (
				ACAF00000000000000000015 /* herdr-harness-mac */,
			);
			name = "herdr-harness-mac";
			packageProductDependencies = (
                F00DCAFE0000000000000102 /* Sparkle */,
			);
			productName = "herdr-harness-mac";
			productReference = ACAF00000000000000000011 /* herdr-harness-mac.app */;
			productType = "com.apple.product-type.application";
		};
		ACAF00000000000000000020 /* herdr-harness-macTests */ = {
			isa = PBXNativeTarget;
			buildConfigurationList = ACAF00000000000000000026 /* Build configuration list for PBXNativeTarget "herdr-harness-macTests" */;
			buildPhases = (
				ACAF00000000000000000022 /* Sources */,
				ACAF00000000000000000023 /* Frameworks */,
				ACAF00000000000000000024 /* Resources */,
			);
			buildRules = (
			);
			dependencies = (
				ACAF00000000000000000029 /* PBXTargetDependency */,
			);
			fileSystemSynchronizedGroups = (
				ACAF00000000000000000025 /* herdr-harness-macTests */,
			);
			name = "herdr-harness-macTests";
			packageProductDependencies = (
			);
			productName = "herdr-harness-macTests";
			productReference = ACAF00000000000000000021 /* herdr-harness-macTests.xctest */;
			productType = "com.apple.product-type.bundle.unit-test";
		};
		ACAF00000000000000000030 /* herdr-harness-macUITests */ = {
			isa = PBXNativeTarget;
			buildConfigurationList = ACAF00000000000000000036 /* Build configuration list for PBXNativeTarget "herdr-harness-macUITests" */;
			buildPhases = (
				ACAF00000000000000000032 /* Sources */,
				ACAF00000000000000000033 /* Frameworks */,
				ACAF00000000000000000034 /* Resources */,
			);
			buildRules = (
			);
			dependencies = (
				ACAF00000000000000000039 /* PBXTargetDependency */,
			);
			fileSystemSynchronizedGroups = (
				ACAF00000000000000000035 /* herdr-harness-macUITests */,
			);
			name = "herdr-harness-macUITests";
			packageProductDependencies = (
			);
			productName = "herdr-harness-macUITests";
			productReference = ACAF00000000000000000031 /* herdr-harness-macUITests.xctest */;
			productType = "com.apple.product-type.bundle.ui-testing";
		};
/* End PBXNativeTarget section */

/* Begin PBXProject section */
		ACAF00000000000000000001 /* Project object */ = {
			isa = PBXProject;
			attributes = {
				BuildIndependentTargetsInParallel = 1;
				LastSwiftUpdateCheck = 2640;
				LastUpgradeCheck = 2640;
				TargetAttributes = {
					ACAF00000000000000000010 = {
						CreatedOnToolsVersion = 26.2;
					};
					ACAF00000000000000000020 = {
						CreatedOnToolsVersion = 26.2;
						TestTargetID = ACAF00000000000000000010;
					};
					ACAF00000000000000000030 = {
						CreatedOnToolsVersion = 26.2;
						TestTargetID = ACAF00000000000000000010;
					};
				};
			};
			buildConfigurationList = ACAF00000000000000000040 /* Build configuration list for PBXProject "herdr-harness-mac" */;
			developmentRegion = en;
			hasScannedForEncodings = 0;
			knownRegions = (
				en,
				Base,
			);
			mainGroup = ACAF00000000000000000002;
			minimizedProjectReferenceProxies = 1;
			packageReferences = (
                F00DCAFE0000000000000103 /* XCRemoteSwiftPackageReference "Sparkle" */,
			);
			preferredProjectObjectVersion = 77;
			productRefGroup = ACAF00000000000000000003 /* Products */;
			projectDirPath = "";
			projectRoot = "";
			targets = (
				ACAF00000000000000000010 /* herdr-harness-mac */,
				ACAF00000000000000000020 /* herdr-harness-macTests */,
				ACAF00000000000000000030 /* herdr-harness-macUITests */,
			);
		};
/* End PBXProject section */

/* Begin PBXResourcesBuildPhase section */
		ACAF00000000000000000014 /* Resources */ = {
			isa = PBXResourcesBuildPhase;
			buildActionMask = 2147483647;
			files = (
			);
			runOnlyForDeploymentPostprocessing = 0;
		};
		ACAF00000000000000000024 /* Resources */ = {
			isa = PBXResourcesBuildPhase;
			buildActionMask = 2147483647;
			files = (
			);
			runOnlyForDeploymentPostprocessing = 0;
		};
		ACAF00000000000000000034 /* Resources */ = {
			isa = PBXResourcesBuildPhase;
			buildActionMask = 2147483647;
			files = (
			);
			runOnlyForDeploymentPostprocessing = 0;
		};
/* End PBXResourcesBuildPhase section */

/* Begin PBXSourcesBuildPhase section */
		ACAF00000000000000000012 /* Sources */ = {
			isa = PBXSourcesBuildPhase;
			buildActionMask = 2147483647;
			files = (
			);
			runOnlyForDeploymentPostprocessing = 0;
		};
		ACAF00000000000000000022 /* Sources */ = {
			isa = PBXSourcesBuildPhase;
			buildActionMask = 2147483647;
			files = (
			);
			runOnlyForDeploymentPostprocessing = 0;
		};
		ACAF00000000000000000032 /* Sources */ = {
			isa = PBXSourcesBuildPhase;
			buildActionMask = 2147483647;
			files = (
			);
			runOnlyForDeploymentPostprocessing = 0;
		};
/* End PBXSourcesBuildPhase section */

/* Begin PBXTargetDependency section */
		ACAF00000000000000000029 /* PBXTargetDependency */ = {
			isa = PBXTargetDependency;
			target = ACAF00000000000000000010 /* herdr-harness-mac */;
			targetProxy = ACAF0000000000000000002A /* PBXContainerItemProxy */;
		};
		ACAF00000000000000000039 /* PBXTargetDependency */ = {
			isa = PBXTargetDependency;
			target = ACAF00000000000000000010 /* herdr-harness-mac */;
			targetProxy = ACAF0000000000000000003A /* PBXContainerItemProxy */;
		};
/* End PBXTargetDependency section */

/* Begin XCRemoteSwiftPackageReference section */
        F00DCAFE0000000000000103 /* XCRemoteSwiftPackageReference "Sparkle" */ = {
            isa = XCRemoteSwiftPackageReference;
            repositoryURL = "https://github.com/sparkle-project/Sparkle";
            requirement = { kind = exactVersion; version = 2.9.6; };
        };
/* End XCRemoteSwiftPackageReference section */

/* Begin XCSwiftPackageProductDependency section */
        F00DCAFE0000000000000102 /* Sparkle */ = {
            isa = XCSwiftPackageProductDependency;
            package = F00DCAFE0000000000000103 /* XCRemoteSwiftPackageReference "Sparkle" */;
            productName = Sparkle;
        };
/* End XCSwiftPackageProductDependency section */

/* Begin XCBuildConfiguration section */
		ACAF00000000000000000041 /* Debug */ = {
			isa = XCBuildConfiguration;
			baseConfigurationReference = F00DCAFE0000000000000001 /* Defaults.xcconfig */;
			buildSettings = {
				ALWAYS_SEARCH_USER_PATHS = NO;
				ASSETCATALOG_COMPILER_GENERATE_SWIFT_ASSET_SYMBOL_EXTENSIONS = YES;
				CLANG_ANALYZER_NONNULL = YES;
				CLANG_ANALYZER_NUMBER_OBJECT_CONVERSION = YES_AGGRESSIVE;
				CLANG_CXX_LANGUAGE_STANDARD = "gnu++20";
				CLANG_ENABLE_MODULES = YES;
				CLANG_ENABLE_OBJC_ARC = YES;
				CLANG_ENABLE_OBJC_WEAK = YES;
				CLANG_WARN_BLOCK_CAPTURE_AUTORELEASING = YES;
				CLANG_WARN_BOOL_CONVERSION = YES;
				CLANG_WARN_COMMA = YES;
				CLANG_WARN_CONSTANT_CONVERSION = YES;
				CLANG_WARN_DEPRECATED_OBJC_IMPLEMENTATIONS = YES;
				CLANG_WARN_DIRECT_OBJC_ISA_USAGE = YES_ERROR;
				CLANG_WARN_DOCUMENTATION_COMMENTS = YES;
				CLANG_WARN_EMPTY_BODY = YES;
				CLANG_WARN_ENUM_CONVERSION = YES;
				CLANG_WARN_INFINITE_RECURSION = YES;
				CLANG_WARN_INT_CONVERSION = YES;
				CLANG_WARN_NON_LITERAL_NULL_CONVERSION = YES;
				CLANG_WARN_OBJC_IMPLICIT_RETAIN_SELF = YES;
				CLANG_WARN_OBJC_LITERAL_CONVERSION = YES;
				CLANG_WARN_OBJC_ROOT_CLASS = YES_ERROR;
				CLANG_WARN_QUOTED_INCLUDE_IN_FRAMEWORK_HEADER = YES;
				CLANG_WARN_RANGE_LOOP_ANALYSIS = YES;
				CLANG_WARN_STRICT_PROTOTYPES = YES;
				CLANG_WARN_SUSPICIOUS_MOVE = YES;
				CLANG_WARN_UNGUARDED_AVAILABILITY = YES_AGGRESSIVE;
				CLANG_WARN_UNREACHABLE_CODE = YES;
				CLANG_WARN__DUPLICATE_METHOD_MATCH = YES;
				COPY_PHASE_STRIP = NO;
				DEBUG_INFORMATION_FORMAT = dwarf;
				DEVELOPMENT_TEAM = "$(HERDR_DEVELOPMENT_TEAM)";
				ENABLE_STRICT_OBJC_MSGSEND = YES;
				ENABLE_TESTABILITY = YES;
				ENABLE_USER_SCRIPT_SANDBOXING = YES;
				GCC_C_LANGUAGE_STANDARD = gnu17;
				GCC_DYNAMIC_NO_PIC = NO;
				GCC_NO_COMMON_BLOCKS = YES;
				GCC_OPTIMIZATION_LEVEL = 0;
				GCC_PREPROCESSOR_DEFINITIONS = (
					"DEBUG=1",
					"$(inherited)",
				);
				GCC_WARN_64_TO_32_BIT_CONVERSION = YES;
				GCC_WARN_ABOUT_RETURN_TYPE = YES_ERROR;
				GCC_WARN_UNDECLARED_SELECTOR = YES;
				GCC_WARN_UNINITIALIZED_AUTOS = YES_AGGRESSIVE;
				GCC_WARN_UNUSED_FUNCTION = YES;
				GCC_WARN_UNUSED_VARIABLE = YES;
				LOCALIZATION_PREFERS_STRING_CATALOGS = YES;
				MACOSX_DEPLOYMENT_TARGET = 26.0;
				MTL_ENABLE_DEBUG_INFO = INCLUDE_SOURCE;
				MTL_FAST_MATH = YES;
				ONLY_ACTIVE_ARCH = YES;
				SDKROOT = macosx;
				SWIFT_ACTIVE_COMPILATION_CONDITIONS = "DEBUG $(inherited)";
				SWIFT_OPTIMIZATION_LEVEL = "-Onone";
			};
			name = Debug;
		};
		ACAF00000000000000000042 /* Release */ = {
			isa = XCBuildConfiguration;
			baseConfigurationReference = F00DCAFE0000000000000001 /* Defaults.xcconfig */;
			buildSettings = {
				ALWAYS_SEARCH_USER_PATHS = NO;
				ASSETCATALOG_COMPILER_GENERATE_SWIFT_ASSET_SYMBOL_EXTENSIONS = YES;
				CLANG_ANALYZER_NONNULL = YES;
				CLANG_ANALYZER_NUMBER_OBJECT_CONVERSION = YES_AGGRESSIVE;
				CLANG_CXX_LANGUAGE_STANDARD = "gnu++20";
				CLANG_ENABLE_MODULES = YES;
				CLANG_ENABLE_OBJC_ARC = YES;
				CLANG_ENABLE_OBJC_WEAK = YES;
				CLANG_WARN_BLOCK_CAPTURE_AUTORELEASING = YES;
				CLANG_WARN_BOOL_CONVERSION = YES;
				CLANG_WARN_COMMA = YES;
				CLANG_WARN_CONSTANT_CONVERSION = YES;
				CLANG_WARN_DEPRECATED_OBJC_IMPLEMENTATIONS = YES;
				CLANG_WARN_DIRECT_OBJC_ISA_USAGE = YES_ERROR;
				CLANG_WARN_DOCUMENTATION_COMMENTS = YES;
				CLANG_WARN_EMPTY_BODY = YES;
				CLANG_WARN_ENUM_CONVERSION = YES;
				CLANG_WARN_INFINITE_RECURSION = YES;
				CLANG_WARN_INT_CONVERSION = YES;
				CLANG_WARN_NON_LITERAL_NULL_CONVERSION = YES;
				CLANG_WARN_OBJC_IMPLICIT_RETAIN_SELF = YES;
				CLANG_WARN_OBJC_LITERAL_CONVERSION = YES;
				CLANG_WARN_OBJC_ROOT_CLASS = YES_ERROR;
				CLANG_WARN_QUOTED_INCLUDE_IN_FRAMEWORK_HEADER = YES;
				CLANG_WARN_RANGE_LOOP_ANALYSIS = YES;
				CLANG_WARN_STRICT_PROTOTYPES = YES;
				CLANG_WARN_SUSPICIOUS_MOVE = YES;
				CLANG_WARN_UNGUARDED_AVAILABILITY = YES_AGGRESSIVE;
				CLANG_WARN_UNREACHABLE_CODE = YES;
				CLANG_WARN__DUPLICATE_METHOD_MATCH = YES;
				COPY_PHASE_STRIP = NO;
				DEBUG_INFORMATION_FORMAT = "dwarf-with-dsym";
				DEVELOPMENT_TEAM = "$(HERDR_DEVELOPMENT_TEAM)";
				ENABLE_NS_ASSERTIONS = NO;
				ENABLE_STRICT_OBJC_MSGSEND = YES;
				ENABLE_USER_SCRIPT_SANDBOXING = YES;
				GCC_C_LANGUAGE_STANDARD = gnu17;
				GCC_NO_COMMON_BLOCKS = YES;
				GCC_WARN_64_TO_32_BIT_CONVERSION = YES;
				GCC_WARN_ABOUT_RETURN_TYPE = YES_ERROR;
				GCC_WARN_UNDECLARED_SELECTOR = YES;
				GCC_WARN_UNINITIALIZED_AUTOS = YES_AGGRESSIVE;
				GCC_WARN_UNUSED_FUNCTION = YES;
				GCC_WARN_UNUSED_VARIABLE = YES;
				LOCALIZATION_PREFERS_STRING_CATALOGS = YES;
				MACOSX_DEPLOYMENT_TARGET = 26.0;
				MTL_ENABLE_DEBUG_INFO = NO;
				MTL_FAST_MATH = YES;
				SDKROOT = macosx;
				SWIFT_COMPILATION_MODE = wholemodule;
			};
			name = Release;
		};
		ACAF00000000000000000017 /* Debug */ = {
			isa = XCBuildConfiguration;
			baseConfigurationReference = F00DCAFE0000000000000001 /* Defaults.xcconfig */;
			buildSettings = {
				ASSETCATALOG_COMPILER_APPICON_NAME = AppIcon;
				ASSETCATALOG_COMPILER_GLOBAL_ACCENT_COLOR_NAME = AccentColor;
				CODE_SIGN_ENTITLEMENTS = "$(HERDR_CODE_SIGN_ENTITLEMENTS)";
				CODE_SIGN_STYLE = Automatic;
				COMBINE_HIDPI_IMAGES = YES;
				CURRENT_PROJECT_VERSION = 1;
				DEVELOPMENT_TEAM = "$(HERDR_DEVELOPMENT_TEAM)";
				ENABLE_HARDENED_RUNTIME = YES;
				ENABLE_PREVIEWS = YES;
				GENERATE_INFOPLIST_FILE = NO;
				HERDR_DEMO_SERVER_URL = "http://localhost:9092";
				INFOPLIST_FILE = AppInfo.plist;
				INFOPLIST_KEY_LSApplicationCategoryType = "public.app-category.developer-tools";
				LD_RUNPATH_SEARCH_PATHS = (
					"$(inherited)",
					"@executable_path/../Frameworks",
				);
				MARKETING_VERSION = 0.1;
				PRODUCT_BUNDLE_IDENTIFIER = "$(HERDR_MAC_BUNDLE_ID)";
				PRODUCT_NAME = "$(TARGET_NAME)";
				STRING_CATALOG_GENERATE_SYMBOLS = YES;
				SWIFT_APPROACHABLE_CONCURRENCY = YES;
				SWIFT_EMIT_LOC_STRINGS = YES;
				SWIFT_STRICT_CONCURRENCY = complete;
				SWIFT_OBJC_BRIDGING_HEADER = "herdr-harness-mac/Infrastructure/HerdrFrameAnchor.h";
				SWIFT_UPCOMING_FEATURE_MEMBER_IMPORT_VISIBILITY = YES;
				SWIFT_VERSION = 6.0;
			};
			name = Debug;
		};
		ACAF00000000000000000018 /* Release */ = {
			isa = XCBuildConfiguration;
			baseConfigurationReference = F00DCAFE0000000000000001 /* Defaults.xcconfig */;
			buildSettings = {
				ASSETCATALOG_COMPILER_APPICON_NAME = AppIcon;
				ASSETCATALOG_COMPILER_GLOBAL_ACCENT_COLOR_NAME = AccentColor;
				CODE_SIGN_ENTITLEMENTS = "$(HERDR_CODE_SIGN_ENTITLEMENTS)";
				CODE_SIGN_STYLE = Automatic;
				COMBINE_HIDPI_IMAGES = YES;
				CURRENT_PROJECT_VERSION = 1;
				DEVELOPMENT_TEAM = "$(HERDR_DEVELOPMENT_TEAM)";
				ENABLE_HARDENED_RUNTIME = YES;
				ENABLE_PREVIEWS = YES;
				GENERATE_INFOPLIST_FILE = NO;
				HERDR_DEMO_SERVER_URL = "";
				INFOPLIST_FILE = AppInfo.plist;
				INFOPLIST_KEY_LSApplicationCategoryType = "public.app-category.developer-tools";
				LD_RUNPATH_SEARCH_PATHS = (
					"$(inherited)",
					"@executable_path/../Frameworks",
				);
				MARKETING_VERSION = 0.1;
				PRODUCT_BUNDLE_IDENTIFIER = "$(HERDR_MAC_BUNDLE_ID)";
				PRODUCT_NAME = "$(TARGET_NAME)";
				STRING_CATALOG_GENERATE_SYMBOLS = YES;
				SWIFT_APPROACHABLE_CONCURRENCY = YES;
				SWIFT_EMIT_LOC_STRINGS = YES;
				SWIFT_STRICT_CONCURRENCY = complete;
				SWIFT_OBJC_BRIDGING_HEADER = "herdr-harness-mac/Infrastructure/HerdrFrameAnchor.h";
				SWIFT_UPCOMING_FEATURE_MEMBER_IMPORT_VISIBILITY = YES;
				SWIFT_VERSION = 6.0;
			};
			name = Release;
		};
		ACAF00000000000000000027 /* Debug */ = {
			isa = XCBuildConfiguration;
			baseConfigurationReference = F00DCAFE0000000000000001 /* Defaults.xcconfig */;
			buildSettings = {
				BUNDLE_LOADER = "$(TEST_HOST)";
				CODE_SIGN_STYLE = Automatic;
				CURRENT_PROJECT_VERSION = 1;
				DEVELOPMENT_TEAM = "$(HERDR_DEVELOPMENT_TEAM)";
				GENERATE_INFOPLIST_FILE = YES;
				MACOSX_DEPLOYMENT_TARGET = 26.0;
				MARKETING_VERSION = 1.0;
				PRODUCT_BUNDLE_IDENTIFIER = "$(HERDR_MAC_BUNDLE_ID).tests";
				PRODUCT_NAME = "$(TARGET_NAME)";
				STRING_CATALOG_GENERATE_SYMBOLS = NO;
				SWIFT_APPROACHABLE_CONCURRENCY = YES;
				SWIFT_EMIT_LOC_STRINGS = NO;
				SWIFT_STRICT_CONCURRENCY = complete;
				SWIFT_UPCOMING_FEATURE_MEMBER_IMPORT_VISIBILITY = YES;
				SWIFT_VERSION = 6.0;
				TEST_HOST = "$(BUILT_PRODUCTS_DIR)/herdr-harness-mac.app/$(BUNDLE_EXECUTABLE_FOLDER_PATH)/herdr-harness-mac";
			};
			name = Debug;
		};
		ACAF00000000000000000028 /* Release */ = {
			isa = XCBuildConfiguration;
			baseConfigurationReference = F00DCAFE0000000000000001 /* Defaults.xcconfig */;
			buildSettings = {
				BUNDLE_LOADER = "$(TEST_HOST)";
				CODE_SIGN_STYLE = Automatic;
				CURRENT_PROJECT_VERSION = 1;
				DEVELOPMENT_TEAM = "$(HERDR_DEVELOPMENT_TEAM)";
				GENERATE_INFOPLIST_FILE = YES;
				MACOSX_DEPLOYMENT_TARGET = 26.0;
				MARKETING_VERSION = 1.0;
				PRODUCT_BUNDLE_IDENTIFIER = "$(HERDR_MAC_BUNDLE_ID).tests";
				PRODUCT_NAME = "$(TARGET_NAME)";
				STRING_CATALOG_GENERATE_SYMBOLS = NO;
				SWIFT_APPROACHABLE_CONCURRENCY = YES;
				SWIFT_EMIT_LOC_STRINGS = NO;
				SWIFT_STRICT_CONCURRENCY = complete;
				SWIFT_UPCOMING_FEATURE_MEMBER_IMPORT_VISIBILITY = YES;
				SWIFT_VERSION = 6.0;
				TEST_HOST = "$(BUILT_PRODUCTS_DIR)/herdr-harness-mac.app/$(BUNDLE_EXECUTABLE_FOLDER_PATH)/herdr-harness-mac";
			};
			name = Release;
		};
		ACAF00000000000000000037 /* Debug */ = {
			isa = XCBuildConfiguration;
			baseConfigurationReference = F00DCAFE0000000000000001 /* Defaults.xcconfig */;
			buildSettings = {
				CODE_SIGN_STYLE = Automatic;
				CURRENT_PROJECT_VERSION = 1;
				DEVELOPMENT_TEAM = "$(HERDR_DEVELOPMENT_TEAM)";
				GENERATE_INFOPLIST_FILE = YES;
				MACOSX_DEPLOYMENT_TARGET = 26.0;
				MARKETING_VERSION = 1.0;
				PRODUCT_BUNDLE_IDENTIFIER = "$(HERDR_MAC_BUNDLE_ID).uitests";
				PRODUCT_NAME = "$(TARGET_NAME)";
				STRING_CATALOG_GENERATE_SYMBOLS = NO;
				SWIFT_APPROACHABLE_CONCURRENCY = YES;
				SWIFT_EMIT_LOC_STRINGS = NO;
				SWIFT_STRICT_CONCURRENCY = complete;
				SWIFT_UPCOMING_FEATURE_MEMBER_IMPORT_VISIBILITY = YES;
				SWIFT_VERSION = 6.0;
				TEST_TARGET_NAME = "herdr-harness-mac";
			};
			name = Debug;
		};
		ACAF00000000000000000038 /* Release */ = {
			isa = XCBuildConfiguration;
			baseConfigurationReference = F00DCAFE0000000000000001 /* Defaults.xcconfig */;
			buildSettings = {
				CODE_SIGN_STYLE = Automatic;
				CURRENT_PROJECT_VERSION = 1;
				DEVELOPMENT_TEAM = "$(HERDR_DEVELOPMENT_TEAM)";
				GENERATE_INFOPLIST_FILE = YES;
				MACOSX_DEPLOYMENT_TARGET = 26.0;
				MARKETING_VERSION = 1.0;
				PRODUCT_BUNDLE_IDENTIFIER = "$(HERDR_MAC_BUNDLE_ID).uitests";
				PRODUCT_NAME = "$(TARGET_NAME)";
				STRING_CATALOG_GENERATE_SYMBOLS = NO;
				SWIFT_APPROACHABLE_CONCURRENCY = YES;
				SWIFT_EMIT_LOC_STRINGS = NO;
				SWIFT_STRICT_CONCURRENCY = complete;
				SWIFT_UPCOMING_FEATURE_MEMBER_IMPORT_VISIBILITY = YES;
				SWIFT_VERSION = 6.0;
				TEST_TARGET_NAME = "herdr-harness-mac";
			};
			name = Release;
		};
/* End XCBuildConfiguration section */

/* Begin XCConfigurationList section */
		ACAF00000000000000000040 /* Build configuration list for PBXProject "herdr-harness-mac" */ = {
			isa = XCConfigurationList;
			buildConfigurations = (
				ACAF00000000000000000041 /* Debug */,
				ACAF00000000000000000042 /* Release */,
			);
			defaultConfigurationIsVisible = 0;
			defaultConfigurationName = Release;
		};
		ACAF00000000000000000016 /* Build configuration list for PBXNativeTarget "herdr-harness-mac" */ = {
			isa = XCConfigurationList;
			buildConfigurations = (
				ACAF00000000000000000017 /* Debug */,
				ACAF00000000000000000018 /* Release */,
			);
			defaultConfigurationIsVisible = 0;
			defaultConfigurationName = Release;
		};
		ACAF00000000000000000026 /* Build configuration list for PBXNativeTarget "herdr-harness-macTests" */ = {
			isa = XCConfigurationList;
			buildConfigurations = (
				ACAF00000000000000000027 /* Debug */,
				ACAF00000000000000000028 /* Release */,
			);
			defaultConfigurationIsVisible = 0;
			defaultConfigurationName = Release;
		};
		ACAF00000000000000000036 /* Build configuration list for PBXNativeTarget "herdr-harness-macUITests" */ = {
			isa = XCConfigurationList;
			buildConfigurations = (
				ACAF00000000000000000037 /* Debug */,
				ACAF00000000000000000038 /* Release */,
			);
			defaultConfigurationIsVisible = 0;
			defaultConfigurationName = Release;
		};
/* End XCConfigurationList section */

	};
	rootObject = ACAF00000000000000000001 /* Project object */;
}
