// !$*UTF8*$!
{
	archiveVersion = 1;
	classes = {
	};
	objectVersion = 77;
	objects = {

/* Begin PBXBuildFile section */
		E400000E2FABC00000000001 /* HerdPulseWidgets.appex in Embed App Extensions */ = {isa = PBXBuildFile; fileRef = E40000012FABC00000000001 /* HerdPulseWidgets.appex */; settings = {ATTRIBUTES = (RemoveHeadersOnCopy, ); }; };
/* End PBXBuildFile section */

/* Begin PBXContainerItemProxy section */
		E400000B2FABC00000000001 /* PBXContainerItemProxy */ = {
			isa = PBXContainerItemProxy;
			containerPortal = 3C05416E2F9E6F0100621813 /* Project object */;
			proxyType = 1;
			remoteGlobalIDString = E40000042FABC00000000001;
			remoteInfo = HerdPulseWidgets;
		};
		3C0541842F9E6F0200621813 /* PBXContainerItemProxy */ = {
			isa = PBXContainerItemProxy;
			containerPortal = 3C05416E2F9E6F0100621813 /* Project object */;
			proxyType = 1;
			remoteGlobalIDString = 3C0541752F9E6F0100621813;
			remoteInfo = "herdr-harness-ios";
		};
		3C05418E2F9E6F0200621813 /* PBXContainerItemProxy */ = {
			isa = PBXContainerItemProxy;
			containerPortal = 3C05416E2F9E6F0100621813 /* Project object */;
			proxyType = 1;
			remoteGlobalIDString = 3C0541752F9E6F0100621813;
			remoteInfo = "herdr-harness-ios";
		};
/* End PBXContainerItemProxy section */

/* Begin PBXCopyFilesBuildPhase section */
		E400000D2FABC00000000001 /* Embed App Extensions */ = {
			isa = PBXCopyFilesBuildPhase;
			buildActionMask = 2147483647;
			dstPath = "";
			dstSubfolderSpec = 13;
			files = (
				E400000E2FABC00000000001 /* HerdPulseWidgets.appex in Embed App Extensions */,
			);
			name = "Embed App Extensions";
			runOnlyForDeploymentPostprocessing = 0;
		};
/* End PBXCopyFilesBuildPhase section */

/* Begin PBXFileReference section */
		E40000012FABC00000000001 /* HerdPulseWidgets.appex */ = {isa = PBXFileReference; explicitFileType = "wrapper.app-extension"; includeInIndex = 0; path = HerdPulseWidgets.appex; sourceTree = BUILT_PRODUCTS_DIR; };
		3C0541762F9E6F0100621813 /* herdr-harness-ios.app */ = {isa = PBXFileReference; explicitFileType = wrapper.application; includeInIndex = 0; path = "herdr-harness-ios.app"; sourceTree = BUILT_PRODUCTS_DIR; };
		3C0541832F9E6F0200621813 /* herdr-harness-iosTests.xctest */ = {isa = PBXFileReference; explicitFileType = wrapper.cfbundle; includeInIndex = 0; path = "herdr-harness-iosTests.xctest"; sourceTree = BUILT_PRODUCTS_DIR; };
		3C05418D2F9E6F0200621813 /* herdr-harness-iosUITests.xctest */ = {isa = PBXFileReference; explicitFileType = wrapper.cfbundle; includeInIndex = 0; path = "herdr-harness-iosUITests.xctest"; sourceTree = BUILT_PRODUCTS_DIR; };
		F00DCAFE0000000000000001 /* Defaults.xcconfig */ = {isa = PBXFileReference; lastKnownFileType = text.xcconfig; path = Defaults.xcconfig; sourceTree = SOURCE_ROOT; };
/* End PBXFileReference section */

/* Begin PBXFileSystemSynchronizedBuildFileExceptionSet section */
		E400000F2FABC00000000001 /* Exceptions for "HerdPulseWidgets" folder in "HerdPulseWidgets" target */ = {
			isa = PBXFileSystemSynchronizedBuildFileExceptionSet;
			membershipExceptions = (
				Info.plist,
			);
			target = E40000042FABC00000000001 /* HerdPulseWidgets */;
		};
/* End PBXFileSystemSynchronizedBuildFileExceptionSet section */

/* Begin PBXFileSystemSynchronizedRootGroup section */
		E40000022FABC00000000001 /* HerdrPulseShared */ = {
			isa = PBXFileSystemSynchronizedRootGroup;
			path = HerdrPulseShared;
			sourceTree = "<group>";
		};
		E40000032FABC00000000001 /* HerdPulseWidgets */ = {
			isa = PBXFileSystemSynchronizedRootGroup;
			exceptions = (
				E400000F2FABC00000000001 /* Exceptions for "HerdPulseWidgets" folder in "HerdPulseWidgets" target */,
			);
			path = HerdPulseWidgets;
			sourceTree = "<group>";
		};
		3C0541782F9E6F0100621813 /* herdr-harness-ios */ = {
			isa = PBXFileSystemSynchronizedRootGroup;
			path = "herdr-harness-ios";
			sourceTree = "<group>";
		};
		3C0541862F9E6F0200621813 /* herdr-harness-iosTests */ = {
			isa = PBXFileSystemSynchronizedRootGroup;
			path = "herdr-harness-iosTests";
			sourceTree = "<group>";
		};
		3C0541902F9E6F0200621813 /* herdr-harness-iosUITests */ = {
			isa = PBXFileSystemSynchronizedRootGroup;
			path = "herdr-harness-iosUITests";
			sourceTree = "<group>";
		};
/* End PBXFileSystemSynchronizedRootGroup section */

/* Begin PBXFrameworksBuildPhase section */
		E40000062FABC00000000001 /* Frameworks */ = {
			isa = PBXFrameworksBuildPhase;
			buildActionMask = 2147483647;
			files = (
			);
			runOnlyForDeploymentPostprocessing = 0;
		};
		3C0541732F9E6F0100621813 /* Frameworks */ = {
			isa = PBXFrameworksBuildPhase;
			buildActionMask = 2147483647;
			files = (
			);
			runOnlyForDeploymentPostprocessing = 0;
		};
		3C0541802F9E6F0200621813 /* Frameworks */ = {
			isa = PBXFrameworksBuildPhase;
			buildActionMask = 2147483647;
			files = (
			);
			runOnlyForDeploymentPostprocessing = 0;
		};
		3C05418A2F9E6F0200621813 /* Frameworks */ = {
			isa = PBXFrameworksBuildPhase;
			buildActionMask = 2147483647;
			files = (
			);
			runOnlyForDeploymentPostprocessing = 0;
		};
/* End PBXFrameworksBuildPhase section */

/* Begin PBXGroup section */
		3C05416D2F9E6F0100621813 = {
			isa = PBXGroup;
			children = (
				3C0541782F9E6F0100621813 /* herdr-harness-ios */,
				E40000022FABC00000000001 /* HerdrPulseShared */,
				E40000032FABC00000000001 /* HerdPulseWidgets */,
				3C0541862F9E6F0200621813 /* herdr-harness-iosTests */,
				3C0541902F9E6F0200621813 /* herdr-harness-iosUITests */,
				3C0541772F9E6F0100621813 /* Products */,
			);
			sourceTree = "<group>";
		};
		3C0541772F9E6F0100621813 /* Products */ = {
			isa = PBXGroup;
			children = (
				3C0541762F9E6F0100621813 /* herdr-harness-ios.app */,
				E40000012FABC00000000001 /* HerdPulseWidgets.appex */,
				3C0541832F9E6F0200621813 /* herdr-harness-iosTests.xctest */,
				3C05418D2F9E6F0200621813 /* herdr-harness-iosUITests.xctest */,
			);
			name = Products;
			sourceTree = "<group>";
		};
/* End PBXGroup section */

/* Begin PBXNativeTarget section */
		3C0541752F9E6F0100621813 /* herdr-harness-ios */ = {
			isa = PBXNativeTarget;
			buildConfigurationList = 3C0541972F9E6F0200621813 /* Build configuration list for PBXNativeTarget "herdr-harness-ios" */;
			buildPhases = (
				3C0541722F9E6F0100621813 /* Sources */,
				3C0541732F9E6F0100621813 /* Frameworks */,
				3C0541742F9E6F0100621813 /* Resources */,
				E400000D2FABC00000000001 /* Embed App Extensions */,
			);
			buildRules = (
			);
			dependencies = (
				E400000C2FABC00000000001 /* PBXTargetDependency */,
			);
			fileSystemSynchronizedGroups = (
				3C0541782F9E6F0100621813 /* herdr-harness-ios */,
				E40000022FABC00000000001 /* HerdrPulseShared */,
			);
			name = "herdr-harness-ios";
			packageProductDependencies = (
			);
			productName = "herdr-harness-ios";
			productReference = 3C0541762F9E6F0100621813 /* herdr-harness-ios.app */;
			productType = "com.apple.product-type.application";
		};
		E40000042FABC00000000001 /* HerdPulseWidgets */ = {
			isa = PBXNativeTarget;
			buildConfigurationList = E400000A2FABC00000000001 /* Build configuration list for PBXNativeTarget "HerdPulseWidgets" */;
			buildPhases = (
				E40000052FABC00000000001 /* Sources */,
				E40000062FABC00000000001 /* Frameworks */,
				E40000072FABC00000000001 /* Resources */,
			);
			buildRules = (
			);
			dependencies = (
			);
			fileSystemSynchronizedGroups = (
				E40000022FABC00000000001 /* HerdrPulseShared */,
				E40000032FABC00000000001 /* HerdPulseWidgets */,
			);
			name = HerdPulseWidgets;
			packageProductDependencies = (
			);
			productName = HerdPulseWidgets;
			productReference = E40000012FABC00000000001 /* HerdPulseWidgets.appex */;
			productType = "com.apple.product-type.app-extension";
		};
		3C0541822F9E6F0200621813 /* herdr-harness-iosTests */ = {
			isa = PBXNativeTarget;
			buildConfigurationList = 3C05419A2F9E6F0200621813 /* Build configuration list for PBXNativeTarget "herdr-harness-iosTests" */;
			buildPhases = (
				3C05417F2F9E6F0200621813 /* Sources */,
				3C0541802F9E6F0200621813 /* Frameworks */,
				3C0541812F9E6F0200621813 /* Resources */,
			);
			buildRules = (
			);
			dependencies = (
				3C0541852F9E6F0200621813 /* PBXTargetDependency */,
			);
			fileSystemSynchronizedGroups = (
				3C0541862F9E6F0200621813 /* herdr-harness-iosTests */,
			);
			name = "herdr-harness-iosTests";
			packageProductDependencies = (
			);
			productName = "herdr-harness-iosTests";
			productReference = 3C0541832F9E6F0200621813 /* herdr-harness-iosTests.xctest */;
			productType = "com.apple.product-type.bundle.unit-test";
		};
		3C05418C2F9E6F0200621813 /* herdr-harness-iosUITests */ = {
			isa = PBXNativeTarget;
			buildConfigurationList = 3C05419D2F9E6F0200621813 /* Build configuration list for PBXNativeTarget "herdr-harness-iosUITests" */;
			buildPhases = (
				3C0541892F9E6F0200621813 /* Sources */,
				3C05418A2F9E6F0200621813 /* Frameworks */,
				3C05418B2F9E6F0200621813 /* Resources */,
			);
			buildRules = (
			);
			dependencies = (
				3C05418F2F9E6F0200621813 /* PBXTargetDependency */,
			);
			fileSystemSynchronizedGroups = (
				3C0541902F9E6F0200621813 /* herdr-harness-iosUITests */,
			);
			name = "herdr-harness-iosUITests";
			packageProductDependencies = (
			);
			productName = "herdr-harness-iosUITests";
			productReference = 3C05418D2F9E6F0200621813 /* herdr-harness-iosUITests.xctest */;
			productType = "com.apple.product-type.bundle.ui-testing";
		};
/* End PBXNativeTarget section */

/* Begin PBXProject section */
		3C05416E2F9E6F0100621813 /* Project object */ = {
			isa = PBXProject;
			attributes = {
				BuildIndependentTargetsInParallel = 1;
				LastSwiftUpdateCheck = 2640;
				LastUpgradeCheck = 2640;
				TargetAttributes = {
					E40000042FABC00000000001 = {
						CreatedOnToolsVersion = 26.4;
					};
					3C0541752F9E6F0100621813 = {
						CreatedOnToolsVersion = 26.4;
					};
					3C0541822F9E6F0200621813 = {
						CreatedOnToolsVersion = 26.4;
						TestTargetID = 3C0541752F9E6F0100621813;
					};
					3C05418C2F9E6F0200621813 = {
						CreatedOnToolsVersion = 26.4;
						TestTargetID = 3C0541752F9E6F0100621813;
					};
				};
			};
			buildConfigurationList = 3C0541712F9E6F0100621813 /* Build configuration list for PBXProject "herdr-harness-ios" */;
			developmentRegion = en;
			hasScannedForEncodings = 0;
			knownRegions = (
				en,
				Base,
			);
			mainGroup = 3C05416D2F9E6F0100621813;
			minimizedProjectReferenceProxies = 1;
			packageReferences = (
			);
			preferredProjectObjectVersion = 77;
			productRefGroup = 3C0541772F9E6F0100621813 /* Products */;
			projectDirPath = "";
			projectRoot = "";
			targets = (
				3C0541752F9E6F0100621813 /* herdr-harness-ios */,
				E40000042FABC00000000001 /* HerdPulseWidgets */,
				3C0541822F9E6F0200621813 /* herdr-harness-iosTests */,
				3C05418C2F9E6F0200621813 /* herdr-harness-iosUITests */,
			);
		};
/* End PBXProject section */

/* Begin PBXResourcesBuildPhase section */
		E40000072FABC00000000001 /* Resources */ = {
			isa = PBXResourcesBuildPhase;
			buildActionMask = 2147483647;
			files = (
			);
			runOnlyForDeploymentPostprocessing = 0;
		};
		3C0541742F9E6F0100621813 /* Resources */ = {
			isa = PBXResourcesBuildPhase;
			buildActionMask = 2147483647;
			files = (
			);
			runOnlyForDeploymentPostprocessing = 0;
		};
		3C0541812F9E6F0200621813 /* Resources */ = {
			isa = PBXResourcesBuildPhase;
			buildActionMask = 2147483647;
			files = (
			);
			runOnlyForDeploymentPostprocessing = 0;
		};
		3C05418B2F9E6F0200621813 /* Resources */ = {
			isa = PBXResourcesBuildPhase;
			buildActionMask = 2147483647;
			files = (
			);
			runOnlyForDeploymentPostprocessing = 0;
		};
/* End PBXResourcesBuildPhase section */

/* Begin PBXSourcesBuildPhase section */
		E40000052FABC00000000001 /* Sources */ = {
			isa = PBXSourcesBuildPhase;
			buildActionMask = 2147483647;
			files = (
			);
			runOnlyForDeploymentPostprocessing = 0;
		};
		3C0541722F9E6F0100621813 /* Sources */ = {
			isa = PBXSourcesBuildPhase;
			buildActionMask = 2147483647;
			files = (
			);
			runOnlyForDeploymentPostprocessing = 0;
		};
		3C05417F2F9E6F0200621813 /* Sources */ = {
			isa = PBXSourcesBuildPhase;
			buildActionMask = 2147483647;
			files = (
			);
			runOnlyForDeploymentPostprocessing = 0;
		};
		3C0541892F9E6F0200621813 /* Sources */ = {
			isa = PBXSourcesBuildPhase;
			buildActionMask = 2147483647;
			files = (
			);
			runOnlyForDeploymentPostprocessing = 0;
		};
/* End PBXSourcesBuildPhase section */

/* Begin PBXTargetDependency section */
		E400000C2FABC00000000001 /* PBXTargetDependency */ = {
			isa = PBXTargetDependency;
			target = E40000042FABC00000000001 /* HerdPulseWidgets */;
			targetProxy = E400000B2FABC00000000001 /* PBXContainerItemProxy */;
		};
		3C0541852F9E6F0200621813 /* PBXTargetDependency */ = {
			isa = PBXTargetDependency;
			target = 3C0541752F9E6F0100621813 /* herdr-harness-ios */;
			targetProxy = 3C0541842F9E6F0200621813 /* PBXContainerItemProxy */;
		};
		3C05418F2F9E6F0200621813 /* PBXTargetDependency */ = {
			isa = PBXTargetDependency;
			target = 3C0541752F9E6F0100621813 /* herdr-harness-ios */;
			targetProxy = 3C05418E2F9E6F0200621813 /* PBXContainerItemProxy */;
		};
/* End PBXTargetDependency section */

/* Begin XCBuildConfiguration section */
		E40000082FABC00000000001 /* Debug */ = {
			isa = XCBuildConfiguration;
			baseConfigurationReference = F00DCAFE0000000000000001 /* Defaults.xcconfig */;
			buildSettings = {
				APPLICATION_EXTENSION_API_ONLY = YES;
				CODE_SIGN_STYLE = Automatic;
				CURRENT_PROJECT_VERSION = 17;
				DEVELOPMENT_TEAM = "$(HERDR_DEVELOPMENT_TEAM)";
				GENERATE_INFOPLIST_FILE = NO;
				INFOPLIST_FILE = HerdPulseWidgets/Info.plist;
				IPHONEOS_DEPLOYMENT_TARGET = 26.0;
				LD_RUNPATH_SEARCH_PATHS = (
					"$(inherited)",
					"@executable_path/Frameworks",
					"@executable_path/../../Frameworks",
				);
				MARKETING_VERSION = 0.1;
				PRODUCT_BUNDLE_IDENTIFIER = "$(HERDR_WIDGET_BUNDLE_ID)";
				PRODUCT_NAME = "$(TARGET_NAME)";
				SKIP_INSTALL = YES;
				STRING_CATALOG_GENERATE_SYMBOLS = NO;
				SWIFT_APPROACHABLE_CONCURRENCY = YES;
				SWIFT_EMIT_LOC_STRINGS = NO;
				SWIFT_STRICT_CONCURRENCY = complete;
				SWIFT_UPCOMING_FEATURE_MEMBER_IMPORT_VISIBILITY = YES;
				SWIFT_VERSION = 6.0;
				TARGETED_DEVICE_FAMILY = "1,2";
			};
			name = Debug;
		};
		E40000092FABC00000000001 /* Release */ = {
			isa = XCBuildConfiguration;
			baseConfigurationReference = F00DCAFE0000000000000001 /* Defaults.xcconfig */;
			buildSettings = {
				APPLICATION_EXTENSION_API_ONLY = YES;
				CODE_SIGN_STYLE = Automatic;
				CURRENT_PROJECT_VERSION = 17;
				DEVELOPMENT_TEAM = "$(HERDR_DEVELOPMENT_TEAM)";
				GENERATE_INFOPLIST_FILE = NO;
				INFOPLIST_FILE = HerdPulseWidgets/Info.plist;
				IPHONEOS_DEPLOYMENT_TARGET = 26.0;
				LD_RUNPATH_SEARCH_PATHS = (
					"$(inherited)",
					"@executable_path/Frameworks",
					"@executable_path/../../Frameworks",
				);
				MARKETING_VERSION = 0.1;
				PRODUCT_BUNDLE_IDENTIFIER = "$(HERDR_WIDGET_BUNDLE_ID)";
				PRODUCT_NAME = "$(TARGET_NAME)";
				SKIP_INSTALL = YES;
				STRING_CATALOG_GENERATE_SYMBOLS = NO;
				SWIFT_APPROACHABLE_CONCURRENCY = YES;
				SWIFT_EMIT_LOC_STRINGS = NO;
				SWIFT_STRICT_CONCURRENCY = complete;
				SWIFT_UPCOMING_FEATURE_MEMBER_IMPORT_VISIBILITY = YES;
				SWIFT_VERSION = 6.0;
				TARGETED_DEVICE_FAMILY = "1,2";
			};
			name = Release;
		};
		3C0541952F9E6F0200621813 /* Debug */ = {
			isa = XCBuildConfiguration;
			baseConfigurationReference = F00DCAFE0000000000000001 /* Defaults.xcconfig */;
			buildSettings = {
				ALWAYS_SEARCH_USER_PATHS = NO;
				ASSETCATALOG_COMPILER_GENERATE_SWIFT_ASSET_SYMBOL_EXTENSIONS = YES;
				CLANG_ANALYZER_NONNULL = YES;
				CLANG_ANALYZER_NUMBER_OBJECT_CONVERSION = YES_AGGRESSIVE;
				CLANG_CXX_LANGUAGE_STANDARD = "gnu++20";
				CLANG_ENABLE_MODULES = YES;
				CLANG_ENABLE_OBJC_ARC = YES;
				CLANG_ENABLE_OBJC_WEAK = YES;
				CLANG_WARN_BLOCK_CAPTURE_AUTORELEASING = YES;
				CLANG_WARN_BOOL_CONVERSION = YES;
				CLANG_WARN_COMMA = YES;
				CLANG_WARN_CONSTANT_CONVERSION = YES;
				CLANG_WARN_DEPRECATED_OBJC_IMPLEMENTATIONS = YES;
				CLANG_WARN_DIRECT_OBJC_ISA_USAGE = YES_ERROR;
				CLANG_WARN_DOCUMENTATION_COMMENTS = YES;
				CLANG_WARN_EMPTY_BODY = YES;
				CLANG_WARN_ENUM_CONVERSION = YES;
				CLANG_WARN_INFINITE_RECURSION = YES;
				CLANG_WARN_INT_CONVERSION = YES;
				CLANG_WARN_NON_LITERAL_NULL_CONVERSION = YES;
				CLANG_WARN_OBJC_IMPLICIT_RETAIN_SELF = YES;
				CLANG_WARN_OBJC_LITERAL_CONVERSION = YES;
				CLANG_WARN_OBJC_ROOT_CLASS = YES_ERROR;
				CLANG_WARN_QUOTED_INCLUDE_IN_FRAMEWORK_HEADER = YES;
				CLANG_WARN_RANGE_LOOP_ANALYSIS = YES;
				CLANG_WARN_STRICT_PROTOTYPES = YES;
				CLANG_WARN_SUSPICIOUS_MOVE = YES;
				CLANG_WARN_UNGUARDED_AVAILABILITY = YES_AGGRESSIVE;
				CLANG_WARN_UNREACHABLE_CODE = YES;
				CLANG_WARN__DUPLICATE_METHOD_MATCH = YES;
				COPY_PHASE_STRIP = NO;
				DEBUG_INFORMATION_FORMAT = dwarf;
				DEVELOPMENT_TEAM = "$(HERDR_DEVELOPMENT_TEAM)";
				ENABLE_STRICT_OBJC_MSGSEND = YES;
				ENABLE_TESTABILITY = YES;
				ENABLE_USER_SCRIPT_SANDBOXING = YES;
				GCC_C_LANGUAGE_STANDARD = gnu17;
				GCC_DYNAMIC_NO_PIC = NO;
				GCC_NO_COMMON_BLOCKS = YES;
				GCC_OPTIMIZATION_LEVEL = 0;
				GCC_PREPROCESSOR_DEFINITIONS = (
					"DEBUG=1",
					"$(inherited)",
				);
				GCC_WARN_64_TO_32_BIT_CONVERSION = YES;
				GCC_WARN_ABOUT_RETURN_TYPE = YES_ERROR;
				GCC_WARN_UNDECLARED_SELECTOR = YES;
				GCC_WARN_UNINITIALIZED_AUTOS = YES_AGGRESSIVE;
				GCC_WARN_UNUSED_FUNCTION = YES;
				GCC_WARN_UNUSED_VARIABLE = YES;
				IPHONEOS_DEPLOYMENT_TARGET = 26.0;
				LOCALIZATION_PREFERS_STRING_CATALOGS = YES;
				MTL_ENABLE_DEBUG_INFO = INCLUDE_SOURCE;
				MTL_FAST_MATH = YES;
				ONLY_ACTIVE_ARCH = YES;
				SDKROOT = iphoneos;
				SWIFT_ACTIVE_COMPILATION_CONDITIONS = "DEBUG $(inherited)";
				SWIFT_OPTIMIZATION_LEVEL = "-Onone";
			};
			name = Debug;
		};
		3C0541962F9E6F0200621813 /* Release */ = {
			isa = XCBuildConfiguration;
			baseConfigurationReference = F00DCAFE0000000000000001 /* Defaults.xcconfig */;
			buildSettings = {
				ALWAYS_SEARCH_USER_PATHS = NO;
				ASSETCATALOG_COMPILER_GENERATE_SWIFT_ASSET_SYMBOL_EXTENSIONS = YES;
				CLANG_ANALYZER_NONNULL = YES;
				CLANG_ANALYZER_NUMBER_OBJECT_CONVERSION = YES_AGGRESSIVE;
				CLANG_CXX_LANGUAGE_STANDARD = "gnu++20";
				CLANG_ENABLE_MODULES = YES;
				CLANG_ENABLE_OBJC_ARC = YES;
				CLANG_ENABLE_OBJC_WEAK = YES;
				CLANG_WARN_BLOCK_CAPTURE_AUTORELEASING = YES;
				CLANG_WARN_BOOL_CONVERSION = YES;
				CLANG_WARN_COMMA = YES;
				CLANG_WARN_CONSTANT_CONVERSION = YES;
				CLANG_WARN_DEPRECATED_OBJC_IMPLEMENTATIONS = YES;
				CLANG_WARN_DIRECT_OBJC_ISA_USAGE = YES_ERROR;
				CLANG_WARN_DOCUMENTATION_COMMENTS = YES;
				CLANG_WARN_EMPTY_BODY = YES;
				CLANG_WARN_ENUM_CONVERSION = YES;
				CLANG_WARN_INFINITE_RECURSION = YES;
				CLANG_WARN_INT_CONVERSION = YES;
				CLANG_WARN_NON_LITERAL_NULL_CONVERSION = YES;
				CLANG_WARN_OBJC_IMPLICIT_RETAIN_SELF = YES;
				CLANG_WARN_OBJC_LITERAL_CONVERSION = YES;
				CLANG_WARN_OBJC_ROOT_CLASS = YES_ERROR;
				CLANG_WARN_QUOTED_INCLUDE_IN_FRAMEWORK_HEADER = YES;
				CLANG_WARN_RANGE_LOOP_ANALYSIS = YES;
				CLANG_WARN_STRICT_PROTOTYPES = YES;
				CLANG_WARN_SUSPICIOUS_MOVE = YES;
				CLANG_WARN_UNGUARDED_AVAILABILITY = YES_AGGRESSIVE;
				CLANG_WARN_UNREACHABLE_CODE = YES;
				CLANG_WARN__DUPLICATE_METHOD_MATCH = YES;
				COPY_PHASE_STRIP = NO;
				DEBUG_INFORMATION_FORMAT = "dwarf-with-dsym";
				DEVELOPMENT_TEAM = "$(HERDR_DEVELOPMENT_TEAM)";
				ENABLE_NS_ASSERTIONS = NO;
				ENABLE_STRICT_OBJC_MSGSEND = YES;
				ENABLE_USER_SCRIPT_SANDBOXING = YES;
				GCC_C_LANGUAGE_STANDARD = gnu17;
				GCC_NO_COMMON_BLOCKS = YES;
				GCC_WARN_64_TO_32_BIT_CONVERSION = YES;
				GCC_WARN_ABOUT_RETURN_TYPE = YES_ERROR;
				GCC_WARN_UNDECLARED_SELECTOR = YES;
				GCC_WARN_UNINITIALIZED_AUTOS = YES_AGGRESSIVE;
				GCC_WARN_UNUSED_FUNCTION = YES;
				GCC_WARN_UNUSED_VARIABLE = YES;
				IPHONEOS_DEPLOYMENT_TARGET = 26.0;
				LOCALIZATION_PREFERS_STRING_CATALOGS = YES;
				MTL_ENABLE_DEBUG_INFO = NO;
				MTL_FAST_MATH = YES;
				SDKROOT = iphoneos;
				SWIFT_COMPILATION_MODE = wholemodule;
				VALIDATE_PRODUCT = YES;
			};
			name = Release;
		};
		3C0541982F9E6F0200621813 /* Debug */ = {
			isa = XCBuildConfiguration;
			baseConfigurationReference = F00DCAFE0000000000000001 /* Defaults.xcconfig */;
			buildSettings = {
				APS_ENVIRONMENT = "$(HERDR_APNS_ENVIRONMENT)";
				ASSETCATALOG_COMPILER_APPICON_NAME = AppIcon;
				ASSETCATALOG_COMPILER_GLOBAL_ACCENT_COLOR_NAME = AccentColor;
				HERDR_DEMO_SERVER_URL = "http://localhost:9092";
				CODE_SIGN_ENTITLEMENTS = "$(HERDR_CODE_SIGN_ENTITLEMENTS)";
				CODE_SIGN_STYLE = Automatic;
				CURRENT_PROJECT_VERSION = 17;
				DEVELOPMENT_TEAM = "$(HERDR_DEVELOPMENT_TEAM)";
				ENABLE_PREVIEWS = YES;
				GENERATE_INFOPLIST_FILE = NO;
				INFOPLIST_FILE = AppInfo.plist;
				INFOPLIST_KEY_LSApplicationCategoryType = "public.app-category.developer-tools";
				INFOPLIST_KEY_UIApplicationSceneManifest_Generation = YES;
				INFOPLIST_KEY_UIApplicationSupportsIndirectInputEvents = YES;
				INFOPLIST_KEY_UILaunchScreen_Generation = YES;
				INFOPLIST_KEY_UISupportedInterfaceOrientations_iPad = "UIInterfaceOrientationPortrait UIInterfaceOrientationPortraitUpsideDown UIInterfaceOrientationLandscapeLeft UIInterfaceOrientationLandscapeRight";
				INFOPLIST_KEY_UISupportedInterfaceOrientations_iPhone = "UIInterfaceOrientationPortrait UIInterfaceOrientationLandscapeLeft UIInterfaceOrientationLandscapeRight";
				IPHONEOS_DEPLOYMENT_TARGET = 26.0;
				LD_RUNPATH_SEARCH_PATHS = (
					"$(inherited)",
					"@executable_path/Frameworks",
				);
				MARKETING_VERSION = 0.1;
				PRODUCT_BUNDLE_IDENTIFIER = "$(HERDR_IOS_BUNDLE_ID)";
				PRODUCT_NAME = "$(TARGET_NAME)";
				STRING_CATALOG_GENERATE_SYMBOLS = YES;
				SWIFT_APPROACHABLE_CONCURRENCY = YES;
				SWIFT_EMIT_LOC_STRINGS = YES;
				SWIFT_UPCOMING_FEATURE_MEMBER_IMPORT_VISIBILITY = YES;
				SWIFT_STRICT_CONCURRENCY = complete;
				SWIFT_VERSION = 6.0;
				TARGETED_DEVICE_FAMILY = "1,2";
			};
			name = Debug;
		};
		3C0541992F9E6F0200621813 /* Release */ = {
			isa = XCBuildConfiguration;
			baseConfigurationReference = F00DCAFE0000000000000001 /* Defaults.xcconfig */;
			buildSettings = {
				APS_ENVIRONMENT = "$(HERDR_APNS_ENVIRONMENT)";
				ASSETCATALOG_COMPILER_APPICON_NAME = AppIcon;
				ASSETCATALOG_COMPILER_GLOBAL_ACCENT_COLOR_NAME = AccentColor;
				HERDR_DEMO_SERVER_URL = "";
				CODE_SIGN_ENTITLEMENTS = "$(HERDR_CODE_SIGN_ENTITLEMENTS)";
				CODE_SIGN_STYLE = Automatic;
				CURRENT_PROJECT_VERSION = 17;
				DEVELOPMENT_TEAM = "$(HERDR_DEVELOPMENT_TEAM)";
				ENABLE_PREVIEWS = YES;
				GENERATE_INFOPLIST_FILE = NO;
				INFOPLIST_FILE = AppInfo.plist;
				INFOPLIST_KEY_LSApplicationCategoryType = "public.app-category.developer-tools";
				INFOPLIST_KEY_UIApplicationSceneManifest_Generation = YES;
				INFOPLIST_KEY_UIApplicationSupportsIndirectInputEvents = YES;
				INFOPLIST_KEY_UILaunchScreen_Generation = YES;
				INFOPLIST_KEY_UISupportedInterfaceOrientations_iPad = "UIInterfaceOrientationPortrait UIInterfaceOrientationPortraitUpsideDown UIInterfaceOrientationLandscapeLeft UIInterfaceOrientationLandscapeRight";
				INFOPLIST_KEY_UISupportedInterfaceOrientations_iPhone = "UIInterfaceOrientationPortrait UIInterfaceOrientationLandscapeLeft UIInterfaceOrientationLandscapeRight";
				IPHONEOS_DEPLOYMENT_TARGET = 26.0;
				LD_RUNPATH_SEARCH_PATHS = (
					"$(inherited)",
					"@executable_path/Frameworks",
				);
				MARKETING_VERSION = 0.1;
				PRODUCT_BUNDLE_IDENTIFIER = "$(HERDR_IOS_BUNDLE_ID)";
				PRODUCT_NAME = "$(TARGET_NAME)";
				STRING_CATALOG_GENERATE_SYMBOLS = YES;
				SWIFT_APPROACHABLE_CONCURRENCY = YES;
				SWIFT_EMIT_LOC_STRINGS = YES;
				SWIFT_UPCOMING_FEATURE_MEMBER_IMPORT_VISIBILITY = YES;
				SWIFT_STRICT_CONCURRENCY = complete;
				SWIFT_VERSION = 6.0;
				TARGETED_DEVICE_FAMILY = "1,2";
			};
			name = Release;
		};
		3C05419B2F9E6F0200621813 /* Debug */ = {
			isa = XCBuildConfiguration;
			baseConfigurationReference = F00DCAFE0000000000000001 /* Defaults.xcconfig */;
			buildSettings = {
				BUNDLE_LOADER = "$(TEST_HOST)";
				CODE_SIGN_STYLE = Automatic;
				CURRENT_PROJECT_VERSION = 1;
				DEVELOPMENT_TEAM = "$(HERDR_DEVELOPMENT_TEAM)";
				GENERATE_INFOPLIST_FILE = YES;
				IPHONEOS_DEPLOYMENT_TARGET = 26.0;
				MARKETING_VERSION = 1.0;
				PRODUCT_BUNDLE_IDENTIFIER = "$(HERDR_IOS_BUNDLE_ID).tests";
				PRODUCT_NAME = "$(TARGET_NAME)";
				STRING_CATALOG_GENERATE_SYMBOLS = NO;
				SWIFT_APPROACHABLE_CONCURRENCY = YES;
				SWIFT_EMIT_LOC_STRINGS = NO;
				SWIFT_STRICT_CONCURRENCY = complete;
				SWIFT_UPCOMING_FEATURE_MEMBER_IMPORT_VISIBILITY = YES;
				SWIFT_VERSION = 6.0;
				TARGETED_DEVICE_FAMILY = "1,2";
				TEST_HOST = "$(BUILT_PRODUCTS_DIR)/herdr-harness-ios.app/$(BUNDLE_EXECUTABLE_FOLDER_PATH)/herdr-harness-ios";
			};
			name = Debug;
		};
		3C05419C2F9E6F0200621813 /* Release */ = {
			isa = XCBuildConfiguration;
			baseConfigurationReference = F00DCAFE0000000000000001 /* Defaults.xcconfig */;
			buildSettings = {
				BUNDLE_LOADER = "$(TEST_HOST)";
				CODE_SIGN_STYLE = Automatic;
				CURRENT_PROJECT_VERSION = 1;
				DEVELOPMENT_TEAM = "$(HERDR_DEVELOPMENT_TEAM)";
				GENERATE_INFOPLIST_FILE = YES;
				IPHONEOS_DEPLOYMENT_TARGET = 26.0;
				MARKETING_VERSION = 1.0;
				PRODUCT_BUNDLE_IDENTIFIER = "$(HERDR_IOS_BUNDLE_ID).tests";
				PRODUCT_NAME = "$(TARGET_NAME)";
				STRING_CATALOG_GENERATE_SYMBOLS = NO;
				SWIFT_APPROACHABLE_CONCURRENCY = YES;
				SWIFT_EMIT_LOC_STRINGS = NO;
				SWIFT_STRICT_CONCURRENCY = complete;
				SWIFT_UPCOMING_FEATURE_MEMBER_IMPORT_VISIBILITY = YES;
				SWIFT_VERSION = 6.0;
				TARGETED_DEVICE_FAMILY = "1,2";
				TEST_HOST = "$(BUILT_PRODUCTS_DIR)/herdr-harness-ios.app/$(BUNDLE_EXECUTABLE_FOLDER_PATH)/herdr-harness-ios";
			};
			name = Release;
		};
		3C05419E2F9E6F0200621813 /* Debug */ = {
			isa = XCBuildConfiguration;
			baseConfigurationReference = F00DCAFE0000000000000001 /* Defaults.xcconfig */;
			buildSettings = {
				CODE_SIGN_STYLE = Automatic;
				CURRENT_PROJECT_VERSION = 1;
				DEVELOPMENT_TEAM = "$(HERDR_DEVELOPMENT_TEAM)";
				GENERATE_INFOPLIST_FILE = YES;
				MARKETING_VERSION = 1.0;
				PRODUCT_BUNDLE_IDENTIFIER = "$(HERDR_IOS_BUNDLE_ID).uitests";
				PRODUCT_NAME = "$(TARGET_NAME)";
				STRING_CATALOG_GENERATE_SYMBOLS = NO;
				SWIFT_APPROACHABLE_CONCURRENCY = YES;
				SWIFT_EMIT_LOC_STRINGS = NO;
				SWIFT_STRICT_CONCURRENCY = complete;
				SWIFT_UPCOMING_FEATURE_MEMBER_IMPORT_VISIBILITY = YES;
				SWIFT_VERSION = 6.0;
				TARGETED_DEVICE_FAMILY = "1,2";
				TEST_TARGET_NAME = "herdr-harness-ios";
			};
			name = Debug;
		};
		3C05419F2F9E6F0200621813 /* Release */ = {
			isa = XCBuildConfiguration;
			baseConfigurationReference = F00DCAFE0000000000000001 /* Defaults.xcconfig */;
			buildSettings = {
				CODE_SIGN_STYLE = Automatic;
				CURRENT_PROJECT_VERSION = 1;
				DEVELOPMENT_TEAM = "$(HERDR_DEVELOPMENT_TEAM)";
				GENERATE_INFOPLIST_FILE = YES;
				MARKETING_VERSION = 1.0;
				PRODUCT_BUNDLE_IDENTIFIER = "$(HERDR_IOS_BUNDLE_ID).uitests";
				PRODUCT_NAME = "$(TARGET_NAME)";
				STRING_CATALOG_GENERATE_SYMBOLS = NO;
				SWIFT_APPROACHABLE_CONCURRENCY = YES;
				SWIFT_EMIT_LOC_STRINGS = NO;
				SWIFT_STRICT_CONCURRENCY = complete;
				SWIFT_UPCOMING_FEATURE_MEMBER_IMPORT_VISIBILITY = YES;
				SWIFT_VERSION = 6.0;
				TARGETED_DEVICE_FAMILY = "1,2";
				TEST_TARGET_NAME = "herdr-harness-ios";
			};
			name = Release;
		};
/* End XCBuildConfiguration section */

/* Begin XCConfigurationList section */
		E400000A2FABC00000000001 /* Build configuration list for PBXNativeTarget "HerdPulseWidgets" */ = {
			isa = XCConfigurationList;
			buildConfigurations = (
				E40000082FABC00000000001 /* Debug */,
				E40000092FABC00000000001 /* Release */,
			);
			defaultConfigurationIsVisible = 0;
			defaultConfigurationName = Release;
		};
		3C0541712F9E6F0100621813 /* Build configuration list for PBXProject "herdr-harness-ios" */ = {
			isa = XCConfigurationList;
			buildConfigurations = (
				3C0541952F9E6F0200621813 /* Debug */,
				3C0541962F9E6F0200621813 /* Release */,
			);
			defaultConfigurationIsVisible = 0;
			defaultConfigurationName = Release;
		};
		3C0541972F9E6F0200621813 /* Build configuration list for PBXNativeTarget "herdr-harness-ios" */ = {
			isa = XCConfigurationList;
			buildConfigurations = (
				3C0541982F9E6F0200621813 /* Debug */,
				3C0541992F9E6F0200621813 /* Release */,
			);
			defaultConfigurationIsVisible = 0;
			defaultConfigurationName = Release;
		};
		3C05419A2F9E6F0200621813 /* Build configuration list for PBXNativeTarget "herdr-harness-iosTests" */ = {
			isa = XCConfigurationList;
			buildConfigurations = (
				3C05419B2F9E6F0200621813 /* Debug */,
				3C05419C2F9E6F0200621813 /* Release */,
			);
			defaultConfigurationIsVisible = 0;
			defaultConfigurationName = Release;
		};
		3C05419D2F9E6F0200621813 /* Build configuration list for PBXNativeTarget "herdr-harness-iosUITests" */ = {
			isa = XCConfigurationList;
			buildConfigurations = (
				3C05419E2F9E6F0200621813 /* Debug */,
				3C05419F2F9E6F0200621813 /* Release */,
			);
			defaultConfigurationIsVisible = 0;
			defaultConfigurationName = Release;
		};
/* End XCConfigurationList section */

	};
	rootObject = 3C05416E2F9E6F0100621813 /* Project object */;
}
